dependencies:
- name: cert-manager
  repository: https://charts.jetstack.io
  version: v1.10.1
- name: pod-gateway
  repository: https://k8s-at-home.com/charts/
  version: 2.0.0
digest: sha256:14dd061016c64c0031e5eb1dcf9acb57f5a8c26d160766d335662335a14ca765
generated: "2022-12-13T20:12:37.374374-08:00"
